
Microsoft Visual Studio Solution File, Format Version 12.00
# Visual Studio 14
VisualStudioVersion = 14.0.25420.1
MinimumVisualStudioVersion = 10.0.40219.1
Project("{8BB2217D-0F2D-49D1-97BC-3654ED321F3B}") = "Common", "src\Lykke.Common\Common.xproj", "{5E934B1B-8776-4986-8780-D84778E560F5}"
EndProject
Project("{2150E333-8FDC-42A3-9474-1A3956D46DE8}") = "test", "test", "{DFDE477E-3BA6-4BA0-81C0-ED996A4D9E35}"
EndProject
Project("{2150E333-8FDC-42A3-9474-1A3956D46DE8}") = "unit", "unit", "{CBF346B5-6526-4A33-B131-53C3DB08496C}"
EndProject
Project("{8BB2217D-0F2D-49D1-97BC-3654ED321F3B}") = "Common.Tests", "test\unit\Common.Tests\Common.Tests.xproj", "{67F87E5A-FDA9-4439-895E-F7E23F2BF9E6}"
EndProject
Global
	GlobalSection(SolutionConfigurationPlatforms) = preSolution
		Debug|Any CPU = Debug|Any CPU
		Release|Any CPU = Release|Any CPU
	EndGlobalSection
	GlobalSection(ProjectConfigurationPlatforms) = postSolution
		{5E934B1B-8776-4986-8780-D84778E560F5}.Debug|Any CPU.ActiveCfg = Debug|Any CPU
		{5E934B1B-8776-4986-8780-D84778E560F5}.Debug|Any CPU.Build.0 = Debug|Any CPU
		{5E934B1B-8776-4986-8780-D84778E560F5}.Release|Any CPU.ActiveCfg = Release|Any CPU
		{5E934B1B-8776-4986-8780-D84778E560F5}.Release|Any CPU.Build.0 = Release|Any CPU
		{67F87E5A-FDA9-4439-895E-F7E23F2BF9E6}.Debug|Any CPU.ActiveCfg = Debug|Any CPU
		{67F87E5A-FDA9-4439-895E-F7E23F2BF9E6}.Debug|Any CPU.Build.0 = Debug|Any CPU
		{67F87E5A-FDA9-4439-895E-F7E23F2BF9E6}.Release|Any CPU.ActiveCfg = Release|Any CPU
		{67F87E5A-FDA9-4439-895E-F7E23F2BF9E6}.Release|Any CPU.Build.0 = Release|Any CPU
	EndGlobalSection
	GlobalSection(SolutionProperties) = preSolution
		HideSolutionNode = FALSE
	EndGlobalSection
	GlobalSection(NestedProjects) = preSolution
		{CBF346B5-6526-4A33-B131-53C3DB08496C} = {DFDE477E-3BA6-4BA0-81C0-ED996A4D9E35}
		{67F87E5A-FDA9-4439-895E-F7E23F2BF9E6} = {CBF346B5-6526-4A33-B131-53C3DB08496C}
	EndGlobalSection
EndGlobal
